<?xml version="1.0" encoding="utf-8"?>
<Project ToolsVersion="4.0" xmlns="http://schemas.microsoft.com/developer/msbuild/2003">
  <ItemGroup>
    <ClCompile Include="main.cpp" />
    <ClCompile Include="CLI\Network\DownLoader.cpp" />
    <ClCompile Include="CLI\Network\UpLoader.cpp" />
    <ClCompile Include="CLI\Network\DataBase.cpp" />
    <ClCompile Include="CLI\Parser\Config.cpp" />
    <ClCompile Include="CLI\CLI.cpp" />
    <ClCompile Include="CLI\Network\Network.cpp" />
    <ClCompile Include="CLI\Parser\Parser.cpp" />
    <ClCompile Include="CLI\GameData\MapData.cpp" />
    <ClCompile Include="CLI\GameData\PlayersData.cpp" />
    <ClCompile Include="CLI\GameData\Location.cpp" />
    <ClCompile Include="CLI\GameData\Player.cpp" />
    <ClCompile Include="CLI\GameData\MapGenerator.cpp" />
    <ClCompile Include="CLI\Parser\BaseServerFuncs.cpp" />
  </ItemGroup>
  <ItemGroup>
    <ClInclude Include="CLI\Network\DownLoader.h" />
    <ClInclude Include="CLI\Network\UpLoader.h" />
    <ClInclude Include="CLI\Network\DataBase.h" />
    <ClInclude Include="CLI\Parser\Config.h" />
    <ClInclude Include="CLI\CLI.h" />
    <ClInclude Include="CLI\Network\Network.h" />
    <ClInclude Include="CLI\Parser\Parser.h" />
    <ClInclude Include="CLI\GameData\MapData.h" />
    <ClInclude Include="CLI\GameData\PlayersData.h" />
    <ClInclude Include="CLI\GameData\Location.h" />
    <ClInclude Include="CLI\GameData\Player.h" />
    <ClInclude Include="CLI\GameData\MapGenerator.h" />
    <ClInclude Include="CLI\Parser\BaseServerFuncs.h" />
  </ItemGroup>
</Project>