<?xml version="1.0" encoding="utf-8"?>
<Project ToolsVersion="4.0" xmlns="http://schemas.microsoft.com/developer/msbuild/2003">
  <ItemGroup>
    <ClCompile Include="main.cpp" />
    <ClCompile Include="Server\Network\DownLoader.cpp" />
    <ClCompile Include="Server\Network\UpLoader.cpp" />
    <ClCompile Include="Server\CLI\CLI.cpp" />
    <ClCompile Include="Network.cpp" />
  </ItemGroup>
  <ItemGroup>
    <ClInclude Include="Server\Network\DownLoader.h" />
    <ClInclude Include="Server\Network\UpLoader.h" />
    <ClInclude Include="Server\CLI\CLI.h" />
    <ClInclude Include="Network.h" />
  </ItemGroup>
</Project>